// !$*UTF8*$!
{
	archiveVersion = 1;
	classes = {
	};
	objectVersion = 46;
	objects = {

/* Begin PBXBuildFile section */
		ADE7203519AD71DD003F283C /* Foundation.framework in Frameworks */ = {isa = PBXBuildFile; fileRef = ADE7203419AD71DD003F283C /* Foundation.framework */; };
		ADE7203719AD71DD003F283C /* CoreGraphics.framework in Frameworks */ = {isa = PBXBuildFile; fileRef = ADE7203619AD71DD003F283C /* CoreGraphics.framework */; };
		ADE7203919AD71DD003F283C /* UIKit.framework in Frameworks */ = {isa = PBXBuildFile; fileRef = ADE7203819AD71DD003F283C /* UIKit.framework */; };
		ADE7203F19AD71DD003F283C /* InfoPlist.strings in Resources */ = {isa = PBXBuildFile; fileRef = ADE7203D19AD71DD003F283C /* InfoPlist.strings */; };
		ADE7204119AD71DD003F283C /* main.m in Sources */ = {isa = PBXBuildFile; fileRef = ADE7204019AD71DD003F283C /* main.m */; };
		ADE7204519AD71DD003F283C /* AppDelegate.m in Sources */ = {isa = PBXBuildFile; fileRef = ADE7204419AD71DD003F283C /* AppDelegate.m */; };
		ADE7204819AD71DD003F283C /* Main.storyboard in Resources */ = {isa = PBXBuildFile; fileRef = ADE7204619AD71DD003F283C /* Main.storyboard */; };
		ADE7204B19AD71DD003F283C /* ViewController.m in Sources */ = {isa = PBXBuildFile; fileRef = ADE7204A19AD71DD003F283C /* ViewController.m */; };
		ADE7204D19AD71DD003F283C /* Images.xcassets in Resources */ = {isa = PBXBuildFile; fileRef = ADE7204C19AD71DD003F283C /* Images.xcassets */; };
		ADE7205419AD71DD003F283C /* XCTest.framework in Frameworks */ = {isa = PBXBuildFile; fileRef = ADE7205319AD71DD003F283C /* XCTest.framework */; };
		ADE7205519AD71DD003F283C /* Foundation.framework in Frameworks */ = {isa = PBXBuildFile; fileRef = ADE7203419AD71DD003F283C /* Foundation.framework */; };
		ADE7205619AD71DD003F283C /* UIKit.framework in Frameworks */ = {isa = PBXBuildFile; fileRef = ADE7203819AD71DD003F283C /* UIKit.framework */; };
		ADE7205E19AD71DD003F283C /* InfoPlist.strings in Resources */ = {isa = PBXBuildFile; fileRef = ADE7205C19AD71DD003F283C /* InfoPlist.strings */; };
		ADE7206019AD71DD003F283C /* sqlite3Tests.m in Sources */ = {isa = PBXBuildFile; fileRef = ADE7205F19AD71DD003F283C /* sqlite3Tests.m */; };
/* End PBXBuildFile section */

/* Begin PBXContainerItemProxy section */
		ADE7205719AD71DD003F283C /* PBXContainerItemProxy */ = {
			isa = PBXContainerItemProxy;
			containerPortal = ADE7202919AD71DD003F283C /* Project object */;
			proxyType = 1;
			remoteGlobalIDString = ADE7203019AD71DD003F283C;
			remoteInfo = sqlite3;
		};
/* End PBXContainerItemProxy section */

/* Begin PBXFileReference section */
		ADE7203119AD71DD003F283C /* sqlite3.app */ = {isa = PBXFileReference; explicitFileType = wrapper.application; includeInIndex = 0; path = sqlite3.app; sourceTree = BUILT_PRODUCTS_DIR; };
		ADE7203419AD71DD003F283C /* Foundation.framework */ = {isa = PBXFileReference; lastKnownFileType = wrapper.framework; name = Foundation.framework; path = System/Library/Frameworks/Foundation.framework; sourceTree = SDKROOT; };
		ADE7203619AD71DD003F283C /* CoreGraphics.framework */ = {isa = PBXFileReference; lastKnownFileType = wrapper.framework; name = CoreGraphics.framework; path = System/Library/Frameworks/CoreGraphics.framework; sourceTree = SDKROOT; };
		ADE7203819AD71DD003F283C /* UIKit.framework */ = {isa = PBXFileReference; lastKnownFileType = wrapper.framework; name = UIKit.framework; path = System/Library/Frameworks/UIKit.framework; sourceTree = SDKROOT; };
		ADE7203C19AD71DD003F283C /* sqlite3-Info.plist */ = {isa = PBXFileReference; lastKnownFileType = text.plist.xml; path = "sqlite3-Info.plist"; sourceTree = "<group>"; };
		ADE7203E19AD71DD003F283C /* en */ = {isa = PBXFileReference; lastKnownFileType = text.plist.strings; name = en; path = en.lproj/InfoPlist.strings; sourceTree = "<group>"; };
		ADE7204019AD71DD003F283C /* main.m */ = {isa = PBXFileReference; lastKnownFileType = sourcecode.c.objc; path = main.m; sourceTree = "<group>"; };
		ADE7204219AD71DD003F283C /* sqlite3-Prefix.pch */ = {isa = PBXFileReference; lastKnownFileType = sourcecode.c.h; path = "sqlite3-Prefix.pch"; sourceTree = "<group>"; };
		ADE7204319AD71DD003F283C /* AppDelegate.h */ = {isa = PBXFileReference; lastKnownFileType = sourcecode.c.h; path = AppDelegate.h; sourceTree = "<group>"; };
		ADE7204419AD71DD003F283C /* AppDelegate.m */ = {isa = PBXFileReference; lastKnownFileType = sourcecode.c.objc; path = AppDelegate.m; sourceTree = "<group>"; };
		ADE7204719AD71DD003F283C /* Base */ = {isa = PBXFileReference; lastKnownFileType = file.storyboard; name = Base; path = Base.lproj/Main.storyboard; sourceTree = "<group>"; };
		ADE7204919AD71DD003F283C /* ViewController.h */ = {isa = PBXFileReference; lastKnownFileType = sourcecode.c.h; path = ViewController.h; sourceTree = "<group>"; };
		ADE7204A19AD71DD003F283C /* ViewController.m */ = {isa = PBXFileReference; lastKnownFileType = sourcecode.c.objc; path = ViewController.m; sourceTree = "<group>"; };
		ADE7204C19AD71DD003F283C /* Images.xcassets */ = {isa = PBXFileReference; lastKnownFileType = folder.assetcatalog; path = Images.xcassets; sourceTree = "<group>"; };
		ADE7205219AD71DD003F283C /* sqlite3Tests.xctest */ = {isa = PBXFileReference; explicitFileType = wrapper.cfbundle; includeInIndex = 0; path = sqlite3Tests.xctest; sourceTree = BUILT_PRODUCTS_DIR; };
		ADE7205319AD71DD003F283C /* XCTest.framework */ = {isa = PBXFileReference; lastKnownFileType = wrapper.framework; name = XCTest.framework; path = Library/Frameworks/XCTest.framework; sourceTree = DEVELOPER_DIR; };
		ADE7205B19AD71DD003F283C /* sqlite3Tests-Info.plist */ = {isa = PBXFileReference; lastKnownFileType = text.plist.xml; path = "sqlite3Tests-Info.plist"; sourceTree = "<group>"; };
		ADE7205D19AD71DD003F283C /* en */ = {isa = PBXFileReference; lastKnownFileType = text.plist.strings; name = en; path = en.lproj/InfoPlist.strings; sourceTree = "<group>"; };
		ADE7205F19AD71DD003F283C /* sqlite3Tests.m */ = {isa = PBXFileReference; lastKnownFileType = sourcecode.c.objc; path = sqlite3Tests.m; sourceTree = "<group>"; };
/* End PBXFileReference section */

/* Begin PBXFrameworksBuildPhase section */
		ADE7202E19AD71DD003F283C /* Frameworks */ = {
			isa = PBXFrameworksBuildPhase;
			buildActionMask = 2147483647;
			files = (
				ADE7203719AD71DD003F283C /* CoreGraphics.framework in Frameworks */,
				ADE7203919AD71DD003F283C /* UIKit.framework in Frameworks */,
				ADE7203519AD71DD003F283C /* Foundation.framework in Frameworks */,
			);
			runOnlyForDeploymentPostprocessing = 0;
		};
		ADE7204F19AD71DD003F283C /* Frameworks */ = {
			isa = PBXFrameworksBuildPhase;
			buildActionMask = 2147483647;
			files = (
				ADE7205419AD71DD003F283C /* XCTest.framework in Frameworks */,
				ADE7205619AD71DD003F283C /* UIKit.framework in Frameworks */,
				ADE7205519AD71DD003F283C /* Foundation.framework in Frameworks */,
			);
			runOnlyForDeploymentPostprocessing = 0;
		};
/* End PBXFrameworksBuildPhase section */

/* Begin PBXGroup section */
		ADE7202819AD71DD003F283C = {
			isa = PBXGroup;
			children = (
				ADE7203A19AD71DD003F283C /* sqlite3 */,
				ADE7205919AD71DD003F283C /* sqlite3Tests */,
				ADE7203319AD71DD003F283C /* Frameworks */,
				ADE7203219AD71DD003F283C /* Products */,
			);
			sourceTree = "<group>";
		};
		ADE7203219AD71DD003F283C /* Products */ = {
			isa = PBXGroup;
			children = (
				ADE7203119AD71DD003F283C /* sqlite3.app */,
				ADE7205219AD71DD003F283C /* sqlite3Tests.xctest */,
			);
			name = Products;
			sourceTree = "<group>";
		};
		ADE7203319AD71DD003F283C /* Frameworks */ = {
			isa = PBXGroup;
			children = (
				ADE7203419AD71DD003F283C /* Foundation.framework */,
				ADE7203619AD71DD003F283C /* CoreGraphics.framework */,
				ADE7203819AD71DD003F283C /* UIKit.framework */,
				ADE7205319AD71DD003F283C /* XCTest.framework */,
			);
			name = Frameworks;
			sourceTree = "<group>";
		};
		ADE7203A19AD71DD003F283C /* sqlite3 */ = {
			isa = PBXGroup;
			children = (
				ADE7204319AD71DD003F283C /* AppDelegate.h */,
				ADE7204419AD71DD003F283C /* AppDelegate.m */,
				ADE7204619AD71DD003F283C /* Main.storyboard */,
				ADE7204919AD71DD003F283C /* ViewController.h */,
				ADE7204A19AD71DD003F283C /* ViewController.m */,
				ADE7204C19AD71DD003F283C /* Images.xcassets */,
				ADE7203B19AD71DD003F283C /* Supporting Files */,
			);
			path = sqlite3;
			sourceTree = "<group>";
		};
		ADE7203B19AD71DD003F283C /* Supporting Files */ = {
			isa = PBXGroup;
			children = (
				ADE7203C19AD71DD003F283C /* sqlite3-Info.plist */,
				ADE7203D19AD71DD003F283C /* InfoPlist.strings */,
				ADE7204019AD71DD003F283C /* main.m */,
				ADE7204219AD71DD003F283C /* sqlite3-Prefix.pch */,
			);
			name = "Supporting Files";
			sourceTree = "<group>";
		};
		ADE7205919AD71DD003F283C /* sqlite3Tests */ = {
			isa = PBXGroup;
			children = (
				ADE7205F19AD71DD003F283C /* sqlite3Tests.m */,
				ADE7205A19AD71DD003F283C /* Supporting Files */,
			);
			path = sqlite3Tests;
			sourceTree = "<group>";
		};
		ADE7205A19AD71DD003F283C /* Supporting Files */ = {
			isa = PBXGroup;
			children = (
				ADE7205B19AD71DD003F283C /* sqlite3Tests-Info.plist */,
				ADE7205C19AD71DD003F283C /* InfoPlist.strings */,
			);
			name = "Supporting Files";
			sourceTree = "<group>";
		};
/* End PBXGroup section */

/* Begin PBXNativeTarget section */
		ADE7203019AD71DD003F283C /* sqlite3 */ = {
			isa = PBXNativeTarget;
			buildConfigurationList = ADE7206319AD71DD003F283C /* Build configuration list for PBXNativeTarget "sqlite3" */;
			buildPhases = (
				ADE7202D19AD71DD003F283C /* Sources */,
				ADE7202E19AD71DD003F283C /* Frameworks */,
				ADE7202F19AD71DD003F283C /* Resources */,
			);
			buildRules = (
			);
			dependencies = (
			);
			name = sqlite3;
			productName = sqlite3;
			productReference = ADE7203119AD71DD003F283C /* sqlite3.app */;
			productType = "com.apple.product-type.application";
		};
		ADE7205119AD71DD003F283C /* sqlite3Tests */ = {
			isa = PBXNativeTarget;
			buildConfigurationList = ADE7206619AD71DD003F283C /* Build configuration list for PBXNativeTarget "sqlite3Tests" */;
			buildPhases = (
				ADE7204E19AD71DD003F283C /* Sources */,
				ADE7204F19AD71DD003F283C /* Frameworks */,
				ADE7205019AD71DD003F283C /* Resources */,
			);
			buildRules = (
			);
			dependencies = (
				ADE7205819AD71DD003F283C /* PBXTargetDependency */,
			);
			name = sqlite3Tests;
			productName = sqlite3Tests;
			productReference = ADE7205219AD71DD003F283C /* sqlite3Tests.xctest */;
			productType = "com.apple.product-type.bundle.unit-test";
		};
/* End PBXNativeTarget section */

/* Begin PBXProject section */
		ADE7202919AD71DD003F283C /* Project object */ = {
			isa = PBXProject;
			attributes = {
				LastUpgradeCheck = 0510;
				ORGANIZATIONNAME = Joshua;
				TargetAttributes = {
					ADE7205119AD71DD003F283C = {
						TestTargetID = ADE7203019AD71DD003F283C;
					};
				};
			};
			buildConfigurationList = ADE7202C19AD71DD003F283C /* Build configuration list for PBXProject "sqlite3" */;
			compatibilityVersion = "Xcode 3.2";
			developmentRegion = English;
			hasScannedForEncodings = 0;
			knownRegions = (
				en,
				Base,
			);
			mainGroup = ADE7202819AD71DD003F283C;
			productRefGroup = ADE7203219AD71DD003F283C /* Products */;
			projectDirPath = "";
			projectRoot = "";
			targets = (
				ADE7203019AD71DD003F283C /* sqlite3 */,
				ADE7205119AD71DD003F283C /* sqlite3Tests */,
			);
		};
/* End PBXProject section */

/* Begin PBXResourcesBuildPhase section */
		ADE7202F19AD71DD003F283C /* Resources */ = {
			isa = PBXResourcesBuildPhase;
			buildActionMask = 2147483647;
			files = (
				ADE7204D19AD71DD003F283C /* Images.xcassets in Resources */,
				ADE7203F19AD71DD003F283C /* InfoPlist.strings in Resources */,
				ADE7204819AD71DD003F283C /* Main.storyboard in Resources */,
			);
			runOnlyForDeploymentPostprocessing = 0;
		};
		ADE7205019AD71DD003F283C /* Resources */ = {
			isa = PBXResourcesBuildPhase;
			buildActionMask = 2147483647;
			files = (
				ADE7205E19AD71DD003F283C /* InfoPlist.strings in Resources */,
			);
			runOnlyForDeploymentPostprocessing = 0;
		};
/* End PBXResourcesBuildPhase section */

/* Begin PBXSourcesBuildPhase section */
		ADE7202D19AD71DD003F283C /* Sources */ = {
			isa = PBXSourcesBuildPhase;
			buildActionMask = 2147483647;
			files = (
				ADE7204B19AD71DD003F283C /* ViewController.m in Sources */,
				ADE7204519AD71DD003F283C /* AppDelegate.m in Sources */,
				ADE7204119AD71DD003F283C /* main.m in Sources */,
			);
			runOnlyForDeploymentPostprocessing = 0;
		};
		ADE7204E19AD71DD003F283C /* Sources */ = {
			isa = PBXSourcesBuildPhase;
			buildActionMask = 2147483647;
			files = (
				ADE7206019AD71DD003F283C /* sqlite3Tests.m in Sources */,
			);
			runOnlyForDeploymentPostprocessing = 0;
		};
/* End PBXSourcesBuildPhase section */

/* Begin PBXTargetDependency section */
		ADE7205819AD71DD003F283C /* PBXTargetDependency */ = {
			isa = PBXTargetDependency;
			target = ADE7203019AD71DD003F283C /* sqlite3 */;
			targetProxy = ADE7205719AD71DD003F283C /* PBXContainerItemProxy */;
		};
/* End PBXTargetDependency section */

/* Begin PBXVariantGroup section */
		ADE7203D19AD71DD003F283C /* InfoPlist.strings */ = {
			isa = PBXVariantGroup;
			children = (
				ADE7203E19AD71DD003F283C /* en */,
			);
			name = InfoPlist.strings;
			sourceTree = "<group>";
		};
		ADE7204619AD71DD003F283C /* Main.storyboard */ = {
			isa = PBXVariantGroup;
			children = (
				ADE7204719AD71DD003F283C /* Base */,
			);
			name = Main.storyboard;
			sourceTree = "<group>";
		};
		ADE7205C19AD71DD003F283C /* InfoPlist.strings */ = {
			isa = PBXVariantGroup;
			children = (
				ADE7205D19AD71DD003F283C /* en */,
			);
			name = InfoPlist.strings;
			sourceTree = "<group>";
		};
/* End PBXVariantGroup section */

/* Begin XCBuildConfiguration section */
		ADE7206119AD71DD003F283C /* Debug */ = {
			isa = XCBuildConfiguration;
			buildSettings = {
				ALWAYS_SEARCH_USER_PATHS = NO;
				CLANG_CXX_LANGUAGE_STANDARD = "gnu++0x";
				CLANG_CXX_LIBRARY = "libc++";
				CLANG_ENABLE_MODULES = YES;
				CLANG_ENABLE_OBJC_ARC = YES;
				CLANG_WARN_BOOL_CONVERSION = YES;
				CLANG_WARN_CONSTANT_CONVERSION = YES;
				CLANG_WARN_DIRECT_OBJC_ISA_USAGE = YES_ERROR;
				CLANG_WARN_EMPTY_BODY = YES;
				CLANG_WARN_ENUM_CONVERSION = YES;
				CLANG_WARN_INT_CONVERSION = YES;
				CLANG_WARN_OBJC_ROOT_CLASS = YES_ERROR;
				CLANG_WARN__DUPLICATE_METHOD_MATCH = YES;
				"CODE_SIGN_IDENTITY[sdk=iphoneos*]" = "iPhone Developer";
				COPY_PHASE_STRIP = NO;
				GCC_C_LANGUAGE_STANDARD = gnu99;
				GCC_DYNAMIC_NO_PIC = NO;
				GCC_OPTIMIZATION_LEVEL = 0;
				GCC_PREPROCESSOR_DEFINITIONS = (
					"DEBUG=1",
					"$(inherited)",
				);
				GCC_SYMBOLS_PRIVATE_EXTERN = NO;
				GCC_WARN_64_TO_32_BIT_CONVERSION = YES;
				GCC_WARN_ABOUT_RETURN_TYPE = YES_ERROR;
				GCC_WARN_UNDECLARED_SELECTOR = YES;
				GCC_WARN_UNINITIALIZED_AUTOS = YES_AGGRESSIVE;
				GCC_WARN_UNUSED_FUNCTION = YES;
				GCC_WARN_UNUSED_VARIABLE = YES;
				IPHONEOS_DEPLOYMENT_TARGET = 7.1;
				ONLY_ACTIVE_ARCH = YES;
				SDKROOT = iphoneos;
			};
			name = Debug;
		};
		ADE7206219AD71DD003F283C /* Release */ = {
			isa = XCBuildConfiguration;
			buildSettings = {
				ALWAYS_SEARCH_USER_PATHS = NO;
				CLANG_CXX_LANGUAGE_STANDARD = "gnu++0x";
				CLANG_CXX_LIBRARY = "libc++";
				CLANG_ENABLE_MODULES = YES;
				CLANG_ENABLE_OBJC_ARC = YES;
				CLANG_WARN_BOOL_CONVERSION = YES;
				CLANG_WARN_CONSTANT_CONVERSION = YES;
				CLANG_WARN_DIRECT_OBJC_ISA_USAGE = YES_ERROR;
				CLANG_WARN_EMPTY_BODY = YES;
				CLANG_WARN_ENUM_CONVERSION = YES;
				CLANG_WARN_INT_CONVERSION = YES;
				CLANG_WARN_OBJC_ROOT_CLASS = YES_ERROR;
				CLANG_WARN__DUPLICATE_METHOD_MATCH = YES;
				"CODE_SIGN_IDENTITY[sdk=iphoneos*]" = "iPhone Developer";
				COPY_PHASE_STRIP = YES;
				ENABLE_NS_ASSERTIONS = NO;
				GCC_C_LANGUAGE_STANDARD = gnu99;
				GCC_WARN_64_TO_32_BIT_CONVERSION = YES;
				GCC_WARN_ABOUT_RETURN_TYPE = YES_ERROR;
				GCC_WARN_UNDECLARED_SELECTOR = YES;
				GCC_WARN_UNINITIALIZED_AUTOS = YES_AGGRESSIVE;
				GCC_WARN_UNUSED_FUNCTION = YES;
				GCC_WARN_UNUSED_VARIABLE = YES;
				IPHONEOS_DEPLOYMENT_TARGET = 7.1;
				SDKROOT = iphoneos;
				VALIDATE_PRODUCT = YES;
			};
			name = Release;
		};
		ADE7206419AD71DD003F283C /* Debug */ = {
			isa = XCBuildConfiguration;
			buildSettings = {
				ASSETCATALOG_COMPILER_APPICON_NAME = AppIcon;
				ASSETCATALOG_COMPILER_LAUNCHIMAGE_NAME = LaunchImage;
				GCC_PRECOMPILE_PREFIX_HEADER = YES;
				GCC_PREFIX_HEADER = "sqlite3/sqlite3-Prefix.pch";
				INFOPLIST_FILE = "sqlite3/sqlite3-Info.plist";
				PRODUCT_NAME = "$(TARGET_NAME)";
				WRAPPER_EXTENSION = app;
			};
			name = Debug;
		};
		ADE7206519AD71DD003F283C /* Release */ = {
			isa = XCBuildConfiguration;
			buildSettings = {
				ASSETCATALOG_COMPILER_APPICON_NAME = AppIcon;
				ASSETCATALOG_COMPILER_LAUNCHIMAGE_NAME = LaunchImage;
				GCC_PRECOMPILE_PREFIX_HEADER = YES;
				GCC_PREFIX_HEADER = "sqlite3/sqlite3-Prefix.pch";
				INFOPLIST_FILE = "sqlite3/sqlite3-Info.plist";
				PRODUCT_NAME = "$(TARGET_NAME)";
				WRAPPER_EXTENSION = app;
			};
			name = Release;
		};
		ADE7206719AD71DD003F283C /* Debug */ = {
			isa = XCBuildConfiguration;
			buildSettings = {
				BUNDLE_LOADER = "$(BUILT_PRODUCTS_DIR)/sqlite3.app/sqlite3";
				FRAMEWORK_SEARCH_PATHS = (
					"$(SDKROOT)/Developer/Library/Frameworks",
					"$(inherited)",
					"$(DEVELOPER_FRAMEWORKS_DIR)",
				);
				GCC_PRECOMPILE_PREFIX_HEADER = YES;
				GCC_PREFIX_HEADER = "sqlite3/sqlite3-Prefix.pch";
				GCC_PREPROCESSOR_DEFINITIONS = (
					"DEBUG=1",
					"$(inherited)",
				);
				INFOPLIST_FILE = "sqlite3Tests/sqlite3Tests-Info.plist";
				PRODUCT_NAME = "$(TARGET_NAME)";
				TEST_HOST = "$(BUNDLE_LOADER)";
				WRAPPER_EXTENSION = xctest;
			};
			name = Debug;
		};
		ADE7206819AD71DD003F283C /* Release */ = {
			isa = XCBuildConfiguration;
			buildSettings = {
				BUNDLE_LOADER = "$(BUILT_PRODUCTS_DIR)/sqlite3.app/sqlite3";
				FRAMEWORK_SEARCH_PATHS = (
					"$(SDKROOT)/Developer/Library/Frameworks",
					"$(inherited)",
					"$(DEVELOPER_FRAMEWORKS_DIR)",
				);
				GCC_PRECOMPILE_PREFIX_HEADER = YES;
				GCC_PREFIX_HEADER = "sqlite3/sqlite3-Prefix.pch";
				INFOPLIST_FILE = "sqlite3Tests/sqlite3Tests-Info.plist";
				PRODUCT_NAME = "$(TARGET_NAME)";
				TEST_HOST = "$(BUNDLE_LOADER)";
				WRAPPER_EXTENSION = xctest;
			};
			name = Release;
		};
/* End XCBuildConfiguration section */

/* Begin XCConfigurationList section */
		ADE7202C19AD71DD003F283C /* Build configuration list for PBXProject "sqlite3" */ = {
			isa = XCConfigurationList;
			buildConfigurations = (
				ADE7206119AD71DD003F283C /* Debug */,
				ADE7206219AD71DD003F283C /* Release */,
			);
			defaultConfigurationIsVisible = 0;
			defaultConfigurationName = Release;
		};
		ADE7206319AD71DD003F283C /* Build configuration list for PBXNativeTarget "sqlite3" */ = {
			isa = XCConfigurationList;
			buildConfigurations = (
				ADE7206419AD71DD003F283C /* Debug */,
				ADE7206519AD71DD003F283C /* Release */,
			);
			defaultConfigurationIsVisible = 0;
		};
		ADE7206619AD71DD003F283C /* Build configuration list for PBXNativeTarget "sqlite3Tests" */ = {
			isa = XCConfigurationList;
			buildConfigurations = (
				ADE7206719AD71DD003F283C /* Debug */,
				ADE7206819AD71DD003F283C /* Release */,
			);
			defaultConfigurationIsVisible = 0;
		};
/* End XCConfigurationList section */
	};
	rootObject = ADE7202919AD71DD003F283C /* Project object */;
}
